// !$*UTF8*$!
{
	archiveVersion = 1;
	classes = {
	};
	objectVersion = 48;
	objects = {

/* Begin PBXBuildFile section */
		7E9384CF1FA1E6B900BE32B2 /* TLGestureRecognizerViewController.m in Sources */ = {isa = PBXBuildFile; fileRef = 7E9384CE1FA1E6B900BE32B2 /* TLGestureRecognizerViewController.m */; };
		7EB15F5B1FA1A3BD00E5FFE2 /* TLDetailViewController.m in Sources */ = {isa = PBXBuildFile; fileRef = 7EB15F5A1FA1A3BD00E5FFE2 /* TLDetailViewController.m */; };
		7EB15F631FA1A73300E5FFE2 /* TLCollectionViewController.m in Sources */ = {isa = PBXBuildFile; fileRef = 7EB15F5D1FA1A73300E5FFE2 /* TLCollectionViewController.m */; };
		7EB15F641FA1A73300E5FFE2 /* TLCollectionViewController.xib in Resources */ = {isa = PBXBuildFile; fileRef = 7EB15F5F1FA1A73300E5FFE2 /* TLCollectionViewController.xib */; };
		7EB15F651FA1A73300E5FFE2 /* TLTableViewController.m in Sources */ = {isa = PBXBuildFile; fileRef = 7EB15F611FA1A73300E5FFE2 /* TLTableViewController.m */; };
		7EB15F661FA1A73300E5FFE2 /* TLTableViewController.xib in Resources */ = {isa = PBXBuildFile; fileRef = 7EB15F621FA1A73300E5FFE2 /* TLTableViewController.xib */; };
		7EB15F6A1FA1A81E00E5FFE2 /* TLSwizzle.m in Sources */ = {isa = PBXBuildFile; fileRef = 7EB15F691FA1A81E00E5FFE2 /* TLSwizzle.m */; };
		7EB15F6F1FA1AACF00E5FFE2 /* TLPageExchangeInfo.m in Sources */ = {isa = PBXBuildFile; fileRef = 7EB15F6C1FA1AACF00E5FFE2 /* TLPageExchangeInfo.m */; };
		7EB15F701FA1AACF00E5FFE2 /* TLObjectPath.m in Sources */ = {isa = PBXBuildFile; fileRef = 7EB15F6E1FA1AACF00E5FFE2 /* TLObjectPath.m */; };
		7EB15F761FA1AC0A00E5FFE2 /* TLHookManager.m in Sources */ = {isa = PBXBuildFile; fileRef = 7EB15F751FA1AC0A00E5FFE2 /* TLHookManager.m */; };
		7EB15F7D1FA1AE0300E5FFE2 /* UITableView+TLHook.m in Sources */ = {isa = PBXBuildFile; fileRef = 7EB15F7C1FA1AE0300E5FFE2 /* UITableView+TLHook.m */; };
		7EB15F801FA1AEFE00E5FFE2 /* UIView+TLHook.m in Sources */ = {isa = PBXBuildFile; fileRef = 7EB15F7F1FA1AEFE00E5FFE2 /* UIView+TLHook.m */; };
		7EB15F831FA1B07C00E5FFE2 /* UICollectionView+TLHook.m in Sources */ = {isa = PBXBuildFile; fileRef = 7EB15F821FA1B07C00E5FFE2 /* UICollectionView+TLHook.m */; };
		7EB15F891FA1B9AE00E5FFE2 /* UIGestureRecognizer+TLHook.m in Sources */ = {isa = PBXBuildFile; fileRef = 7EB15F881FA1B9AE00E5FFE2 /* UIGestureRecognizer+TLHook.m */; };
		7EE5462B1FA1914600560CF3 /* TLAppDelegate.m in Sources */ = {isa = PBXBuildFile; fileRef = 7EE5462A1FA1914600560CF3 /* TLAppDelegate.m */; };
		7EE5462E1FA1914600560CF3 /* TLRootViewController.m in Sources */ = {isa = PBXBuildFile; fileRef = 7EE5462D1FA1914600560CF3 /* TLRootViewController.m */; };
		7EE546331FA1914600560CF3 /* Assets.xcassets in Resources */ = {isa = PBXBuildFile; fileRef = 7EE546321FA1914600560CF3 /* Assets.xcassets */; };
		7EE546361FA1914600560CF3 /* LaunchScreen.storyboard in Resources */ = {isa = PBXBuildFile; fileRef = 7EE546341FA1914600560CF3 /* LaunchScreen.storyboard */; };
		7EE546391FA1914600560CF3 /* main.m in Sources */ = {isa = PBXBuildFile; fileRef = 7EE546381FA1914600560CF3 /* main.m */; };
		7EE546431FA1914700560CF3 /* TLBuriedPointTests.m in Sources */ = {isa = PBXBuildFile; fileRef = 7EE546421FA1914700560CF3 /* TLBuriedPointTests.m */; };
		7EE5464E1FA1914700560CF3 /* TLBuriedPointUITests.m in Sources */ = {isa = PBXBuildFile; fileRef = 7EE5464D1FA1914700560CF3 /* TLBuriedPointUITests.m */; };
		D4E5F1ADC7B16E468CF01345 /* Pods_TLBuriedPoint.framework in Frameworks */ = {isa = PBXBuildFile; fileRef = 8285997A1B1A17BA63EFD2E3 /* Pods_TLBuriedPoint.framework */; };
/* End PBXBuildFile section */

/* Begin PBXContainerItemProxy section */
		7EE5463F1FA1914700560CF3 /* PBXContainerItemProxy */ = {
			isa = PBXContainerItemProxy;
			containerPortal = 7EE5461E1FA1914600560CF3 /* Project object */;
			proxyType = 1;
			remoteGlobalIDString = 7EE546251FA1914600560CF3;
			remoteInfo = TLBuriedPoint;
		};
		7EE5464A1FA1914700560CF3 /* PBXContainerItemProxy */ = {
			isa = PBXContainerItemProxy;
			containerPortal = 7EE5461E1FA1914600560CF3 /* Project object */;
			proxyType = 1;
			remoteGlobalIDString = 7EE546251FA1914600560CF3;
			remoteInfo = TLBuriedPoint;
		};
/* End PBXContainerItemProxy section */

/* Begin PBXFileReference section */
		5ABE533C4714DDB2265E01D8 /* Pods-TLBuriedPoint.debug.xcconfig */ = {isa = PBXFileReference; includeInIndex = 1; lastKnownFileType = text.xcconfig; name = "Pods-TLBuriedPoint.debug.xcconfig"; path = "Pods/Target Support Files/Pods-TLBuriedPoint/Pods-TLBuriedPoint.debug.xcconfig"; sourceTree = "<group>"; };
		693294B83F21FCAA199C6C47 /* Pods-TLBuriedPoint.release.xcconfig */ = {isa = PBXFileReference; includeInIndex = 1; lastKnownFileType = text.xcconfig; name = "Pods-TLBuriedPoint.release.xcconfig"; path = "Pods/Target Support Files/Pods-TLBuriedPoint/Pods-TLBuriedPoint.release.xcconfig"; sourceTree = "<group>"; };
		7E9384CD1FA1E6B900BE32B2 /* TLGestureRecognizerViewController.h */ = {isa = PBXFileReference; fileEncoding = 4; lastKnownFileType = sourcecode.c.h; path = TLGestureRecognizerViewController.h; sourceTree = "<group>"; };
		7E9384CE1FA1E6B900BE32B2 /* TLGestureRecognizerViewController.m */ = {isa = PBXFileReference; fileEncoding = 4; lastKnownFileType = sourcecode.c.objc; path = TLGestureRecognizerViewController.m; sourceTree = "<group>"; };
		7E9384D01FA1E7A800BE32B2 /* TLBuriedPoint-Prefix.pch */ = {isa = PBXFileReference; fileEncoding = 4; lastKnownFileType = sourcecode.c.h; path = "TLBuriedPoint-Prefix.pch"; sourceTree = "<group>"; };
		7EB15F591FA1A3BD00E5FFE2 /* TLDetailViewController.h */ = {isa = PBXFileReference; lastKnownFileType = sourcecode.c.h; path = TLDetailViewController.h; sourceTree = "<group>"; };
		7EB15F5A1FA1A3BD00E5FFE2 /* TLDetailViewController.m */ = {isa = PBXFileReference; lastKnownFileType = sourcecode.c.objc; path = TLDetailViewController.m; sourceTree = "<group>"; };
		7EB15F5D1FA1A73300E5FFE2 /* TLCollectionViewController.m */ = {isa = PBXFileReference; fileEncoding = 4; lastKnownFileType = sourcecode.c.objc; path = TLCollectionViewController.m; sourceTree = "<group>"; };
		7EB15F5E1FA1A73300E5FFE2 /* TLTableViewController.h */ = {isa = PBXFileReference; fileEncoding = 4; lastKnownFileType = sourcecode.c.h; path = TLTableViewController.h; sourceTree = "<group>"; };
		7EB15F5F1FA1A73300E5FFE2 /* TLCollectionViewController.xib */ = {isa = PBXFileReference; fileEncoding = 4; lastKnownFileType = file.xib; path = TLCollectionViewController.xib; sourceTree = "<group>"; };
		7EB15F601FA1A73300E5FFE2 /* TLCollectionViewController.h */ = {isa = PBXFileReference; fileEncoding = 4; lastKnownFileType = sourcecode.c.h; path = TLCollectionViewController.h; sourceTree = "<group>"; };
		7EB15F611FA1A73300E5FFE2 /* TLTableViewController.m */ = {isa = PBXFileReference; fileEncoding = 4; lastKnownFileType = sourcecode.c.objc; path = TLTableViewController.m; sourceTree = "<group>"; };
		7EB15F621FA1A73300E5FFE2 /* TLTableViewController.xib */ = {isa = PBXFileReference; fileEncoding = 4; lastKnownFileType = file.xib; path = TLTableViewController.xib; sourceTree = "<group>"; };
		7EB15F681FA1A81E00E5FFE2 /* TLSwizzle.h */ = {isa = PBXFileReference; fileEncoding = 4; lastKnownFileType = sourcecode.c.h; path = TLSwizzle.h; sourceTree = "<group>"; };
		7EB15F691FA1A81E00E5FFE2 /* TLSwizzle.m */ = {isa = PBXFileReference; fileEncoding = 4; lastKnownFileType = sourcecode.c.objc; path = TLSwizzle.m; sourceTree = "<group>"; };
		7EB15F6B1FA1AACF00E5FFE2 /* TLPageExchangeInfo.h */ = {isa = PBXFileReference; fileEncoding = 4; lastKnownFileType = sourcecode.c.h; path = TLPageExchangeInfo.h; sourceTree = "<group>"; };
		7EB15F6C1FA1AACF00E5FFE2 /* TLPageExchangeInfo.m */ = {isa = PBXFileReference; fileEncoding = 4; lastKnownFileType = sourcecode.c.objc; path = TLPageExchangeInfo.m; sourceTree = "<group>"; };
		7EB15F6D1FA1AACF00E5FFE2 /* TLObjectPath.h */ = {isa = PBXFileReference; fileEncoding = 4; lastKnownFileType = sourcecode.c.h; path = TLObjectPath.h; sourceTree = "<group>"; };
		7EB15F6E1FA1AACF00E5FFE2 /* TLObjectPath.m */ = {isa = PBXFileReference; fileEncoding = 4; lastKnownFileType = sourcecode.c.objc; path = TLObjectPath.m; sourceTree = "<group>"; };
		7EB15F741FA1AC0A00E5FFE2 /* TLHookManager.h */ = {isa = PBXFileReference; lastKnownFileType = sourcecode.c.h; path = TLHookManager.h; sourceTree = "<group>"; };
		7EB15F751FA1AC0A00E5FFE2 /* TLHookManager.m */ = {isa = PBXFileReference; lastKnownFileType = sourcecode.c.objc; path = TLHookManager.m; sourceTree = "<group>"; };
		7EB15F7B1FA1AE0300E5FFE2 /* UITableView+TLHook.h */ = {isa = PBXFileReference; lastKnownFileType = sourcecode.c.h; path = "UITableView+TLHook.h"; sourceTree = "<group>"; };
		7EB15F7C1FA1AE0300E5FFE2 /* UITableView+TLHook.m */ = {isa = PBXFileReference; lastKnownFileType = sourcecode.c.objc; path = "UITableView+TLHook.m"; sourceTree = "<group>"; };
		7EB15F7E1FA1AEFE00E5FFE2 /* UIView+TLHook.h */ = {isa = PBXFileReference; lastKnownFileType = sourcecode.c.h; path = "UIView+TLHook.h"; sourceTree = "<group>"; };
		7EB15F7F1FA1AEFE00E5FFE2 /* UIView+TLHook.m */ = {isa = PBXFileReference; lastKnownFileType = sourcecode.c.objc; path = "UIView+TLHook.m"; sourceTree = "<group>"; };
		7EB15F811FA1B07C00E5FFE2 /* UICollectionView+TLHook.h */ = {isa = PBXFileReference; lastKnownFileType = sourcecode.c.h; path = "UICollectionView+TLHook.h"; sourceTree = "<group>"; };
		7EB15F821FA1B07C00E5FFE2 /* UICollectionView+TLHook.m */ = {isa = PBXFileReference; lastKnownFileType = sourcecode.c.objc; path = "UICollectionView+TLHook.m"; sourceTree = "<group>"; };
		7EB15F871FA1B9AE00E5FFE2 /* UIGestureRecognizer+TLHook.h */ = {isa = PBXFileReference; lastKnownFileType = sourcecode.c.h; path = "UIGestureRecognizer+TLHook.h"; sourceTree = "<group>"; };
		7EB15F881FA1B9AE00E5FFE2 /* UIGestureRecognizer+TLHook.m */ = {isa = PBXFileReference; lastKnownFileType = sourcecode.c.objc; path = "UIGestureRecognizer+TLHook.m"; sourceTree = "<group>"; };
		7EE546261FA1914600560CF3 /* TLBuriedPoint.app */ = {isa = PBXFileReference; explicitFileType = wrapper.application; includeInIndex = 0; path = TLBuriedPoint.app; sourceTree = BUILT_PRODUCTS_DIR; };
		7EE546291FA1914600560CF3 /* TLAppDelegate.h */ = {isa = PBXFileReference; lastKnownFileType = sourcecode.c.h; path = TLAppDelegate.h; sourceTree = "<group>"; };
		7EE5462A1FA1914600560CF3 /* TLAppDelegate.m */ = {isa = PBXFileReference; lastKnownFileType = sourcecode.c.objc; path = TLAppDelegate.m; sourceTree = "<group>"; };
		7EE5462C1FA1914600560CF3 /* TLRootViewController.h */ = {isa = PBXFileReference; lastKnownFileType = sourcecode.c.h; path = TLRootViewController.h; sourceTree = "<group>"; };
		7EE5462D1FA1914600560CF3 /* TLRootViewController.m */ = {isa = PBXFileReference; lastKnownFileType = sourcecode.c.objc; path = TLRootViewController.m; sourceTree = "<group>"; };
		7EE546321FA1914600560CF3 /* Assets.xcassets */ = {isa = PBXFileReference; lastKnownFileType = folder.assetcatalog; path = Assets.xcassets; sourceTree = "<group>"; };
		7EE546351FA1914600560CF3 /* Base */ = {isa = PBXFileReference; lastKnownFileType = file.storyboard; name = Base; path = Base.lproj/LaunchScreen.storyboard; sourceTree = "<group>"; };
		7EE546371FA1914600560CF3 /* Info.plist */ = {isa = PBXFileReference; lastKnownFileType = text.plist.xml; path = Info.plist; sourceTree = "<group>"; };
		7EE546381FA1914600560CF3 /* main.m */ = {isa = PBXFileReference; lastKnownFileType = sourcecode.c.objc; path = main.m; sourceTree = "<group>"; };
		7EE5463E1FA1914700560CF3 /* TLBuriedPointTests.xctest */ = {isa = PBXFileReference; explicitFileType = wrapper.cfbundle; includeInIndex = 0; path = TLBuriedPointTests.xctest; sourceTree = BUILT_PRODUCTS_DIR; };
		7EE546421FA1914700560CF3 /* TLBuriedPointTests.m */ = {isa = PBXFileReference; lastKnownFileType = sourcecode.c.objc; path = TLBuriedPointTests.m; sourceTree = "<group>"; };
		7EE546441FA1914700560CF3 /* Info.plist */ = {isa = PBXFileReference; lastKnownFileType = text.plist.xml; path = Info.plist; sourceTree = "<group>"; };
		7EE546491FA1914700560CF3 /* TLBuriedPointUITests.xctest */ = {isa = PBXFileReference; explicitFileType = wrapper.cfbundle; includeInIndex = 0; path = TLBuriedPointUITests.xctest; sourceTree = BUILT_PRODUCTS_DIR; };
		7EE5464D1FA1914700560CF3 /* TLBuriedPointUITests.m */ = {isa = PBXFileReference; lastKnownFileType = sourcecode.c.objc; path = TLBuriedPointUITests.m; sourceTree = "<group>"; };
		7EE5464F1FA1914700560CF3 /* Info.plist */ = {isa = PBXFileReference; lastKnownFileType = text.plist.xml; path = Info.plist; sourceTree = "<group>"; };
		8285997A1B1A17BA63EFD2E3 /* Pods_TLBuriedPoint.framework */ = {isa = PBXFileReference; explicitFileType = wrapper.framework; includeInIndex = 0; path = Pods_TLBuriedPoint.framework; sourceTree = BUILT_PRODUCTS_DIR; };
/* End PBXFileReference section */

/* Begin PBXFrameworksBuildPhase section */
		7EE546231FA1914600560CF3 /* Frameworks */ = {
			isa = PBXFrameworksBuildPhase;
			buildActionMask = 2147483647;
			files = (
				D4E5F1ADC7B16E468CF01345 /* Pods_TLBuriedPoint.framework in Frameworks */,
			);
			runOnlyForDeploymentPostprocessing = 0;
		};
		7EE5463B1FA1914700560CF3 /* Frameworks */ = {
			isa = PBXFrameworksBuildPhase;
			buildActionMask = 2147483647;
			files = (
			);
			runOnlyForDeploymentPostprocessing = 0;
		};
		7EE546461FA1914700560CF3 /* Frameworks */ = {
			isa = PBXFrameworksBuildPhase;
			buildActionMask = 2147483647;
			files = (
			);
			runOnlyForDeploymentPostprocessing = 0;
		};
/* End PBXFrameworksBuildPhase section */

/* Begin PBXGroup section */
		1372C820EF7DC11A651EDEE6 /* Frameworks */ = {
			isa = PBXGroup;
			children = (
				8285997A1B1A17BA63EFD2E3 /* Pods_TLBuriedPoint.framework */,
			);
			name = Frameworks;
			sourceTree = "<group>";
		};
		19FC9395FDD016A1A390CD36 /* Pods */ = {
			isa = PBXGroup;
			children = (
				5ABE533C4714DDB2265E01D8 /* Pods-TLBuriedPoint.debug.xcconfig */,
				693294B83F21FCAA199C6C47 /* Pods-TLBuriedPoint.release.xcconfig */,
			);
			name = Pods;
			sourceTree = "<group>";
		};
		7EB15F5C1FA1A6AA00E5FFE2 /* TLListControl */ = {
			isa = PBXGroup;
			children = (
				7EB15F5E1FA1A73300E5FFE2 /* TLTableViewController.h */,
				7EB15F611FA1A73300E5FFE2 /* TLTableViewController.m */,
				7EB15F621FA1A73300E5FFE2 /* TLTableViewController.xib */,
				7EB15F601FA1A73300E5FFE2 /* TLCollectionViewController.h */,
				7EB15F5D1FA1A73300E5FFE2 /* TLCollectionViewController.m */,
				7EB15F5F1FA1A73300E5FFE2 /* TLCollectionViewController.xib */,
			);
			path = TLListControl;
			sourceTree = "<group>";
		};
		7EB15F671FA1A7F400E5FFE2 /* TLSwizzleModule */ = {
			isa = PBXGroup;
			children = (
				7EB15F6D1FA1AACF00E5FFE2 /* TLObjectPath.h */,
				7EB15F6E1FA1AACF00E5FFE2 /* TLObjectPath.m */,
				7EB15F6B1FA1AACF00E5FFE2 /* TLPageExchangeInfo.h */,
				7EB15F6C1FA1AACF00E5FFE2 /* TLPageExchangeInfo.m */,
				7EB15F681FA1A81E00E5FFE2 /* TLSwizzle.h */,
				7EB15F691FA1A81E00E5FFE2 /* TLSwizzle.m */,
				7EB15F741FA1AC0A00E5FFE2 /* TLHookManager.h */,
				7EB15F751FA1AC0A00E5FFE2 /* TLHookManager.m */,
			);
			path = TLSwizzleModule;
			sourceTree = "<group>";
		};
		7EB15F7A1FA1AD8100E5FFE2 /* CategoriesModule */ = {
			isa = PBXGroup;
			children = (
				7EB15F7E1FA1AEFE00E5FFE2 /* UIView+TLHook.h */,
				7EB15F7F1FA1AEFE00E5FFE2 /* UIView+TLHook.m */,
				7EB15F7B1FA1AE0300E5FFE2 /* UITableView+TLHook.h */,
				7EB15F7C1FA1AE0300E5FFE2 /* UITableView+TLHook.m */,
				7EB15F811FA1B07C00E5FFE2 /* UICollectionView+TLHook.h */,
				7EB15F821FA1B07C00E5FFE2 /* UICollectionView+TLHook.m */,
				7EB15F871FA1B9AE00E5FFE2 /* UIGestureRecognizer+TLHook.h */,
				7EB15F881FA1B9AE00E5FFE2 /* UIGestureRecognizer+TLHook.m */,
			);
			path = CategoriesModule;
			sourceTree = "<group>";
		};
		7EB15F8A1FA1BAAF00E5FFE2 /* TLGestureView */ = {
			isa = PBXGroup;
			children = (
				7E9384CD1FA1E6B900BE32B2 /* TLGestureRecognizerViewController.h */,
				7E9384CE1FA1E6B900BE32B2 /* TLGestureRecognizerViewController.m */,
			);
			path = TLGestureView;
			sourceTree = "<group>";
		};
		7EE5461D1FA1914600560CF3 = {
			isa = PBXGroup;
			children = (
				7EE546281FA1914600560CF3 /* TLBuriedPoint */,
				7EE546411FA1914700560CF3 /* TLBuriedPointTests */,
				7EE5464C1FA1914700560CF3 /* TLBuriedPointUITests */,
				7EE546271FA1914600560CF3 /* Products */,
				19FC9395FDD016A1A390CD36 /* Pods */,
				1372C820EF7DC11A651EDEE6 /* Frameworks */,
			);
			sourceTree = "<group>";
		};
		7EE546271FA1914600560CF3 /* Products */ = {
			isa = PBXGroup;
			children = (
				7EE546261FA1914600560CF3 /* TLBuriedPoint.app */,
				7EE5463E1FA1914700560CF3 /* TLBuriedPointTests.xctest */,
				7EE546491FA1914700560CF3 /* TLBuriedPointUITests.xctest */,
			);
			name = Products;
			sourceTree = "<group>";
		};
		7EE546281FA1914600560CF3 /* TLBuriedPoint */ = {
			isa = PBXGroup;
			children = (
				7EB15F671FA1A7F400E5FFE2 /* TLSwizzleModule */,
				7EB15F7A1FA1AD8100E5FFE2 /* CategoriesModule */,
				7EB15F8A1FA1BAAF00E5FFE2 /* TLGestureView */,
				7EB15F5C1FA1A6AA00E5FFE2 /* TLListControl */,
				7EE546291FA1914600560CF3 /* TLAppDelegate.h */,
				7EE5462A1FA1914600560CF3 /* TLAppDelegate.m */,
				7EE5462C1FA1914600560CF3 /* TLRootViewController.h */,
				7EE5462D1FA1914600560CF3 /* TLRootViewController.m */,
				7EB15F591FA1A3BD00E5FFE2 /* TLDetailViewController.h */,
				7EB15F5A1FA1A3BD00E5FFE2 /* TLDetailViewController.m */,
				7EE546321FA1914600560CF3 /* Assets.xcassets */,
				7EE546341FA1914600560CF3 /* LaunchScreen.storyboard */,
				7EE546371FA1914600560CF3 /* Info.plist */,
				7EE546381FA1914600560CF3 /* main.m */,
				7E9384D01FA1E7A800BE32B2 /* TLBuriedPoint-Prefix.pch */,
			);
			path = TLBuriedPoint;
			sourceTree = "<group>";
		};
		7EE546411FA1914700560CF3 /* TLBuriedPointTests */ = {
			isa = PBXGroup;
			children = (
				7EE546421FA1914700560CF3 /* TLBuriedPointTests.m */,
				7EE546441FA1914700560CF3 /* Info.plist */,
			);
			path = TLBuriedPointTests;
			sourceTree = "<group>";
		};
		7EE5464C1FA1914700560CF3 /* TLBuriedPointUITests */ = {
			isa = PBXGroup;
			children = (
				7EE5464D1FA1914700560CF3 /* TLBuriedPointUITests.m */,
				7EE5464F1FA1914700560CF3 /* Info.plist */,
			);
			path = TLBuriedPointUITests;
			sourceTree = "<group>";
		};
/* End PBXGroup section */

/* Begin PBXNativeTarget section */
		7EE546251FA1914600560CF3 /* TLBuriedPoint */ = {
			isa = PBXNativeTarget;
			buildConfigurationList = 7EE546521FA1914700560CF3 /* Build configuration list for PBXNativeTarget "TLBuriedPoint" */;
			buildPhases = (
				FE52DCEC84289E8A3F2AD318 /* [CP] Check Pods Manifest.lock */,
				7EE546221FA1914600560CF3 /* Sources */,
				7EE546231FA1914600560CF3 /* Frameworks */,
				7EE546241FA1914600560CF3 /* Resources */,
				77CA5D9C4650FF1C14083404 /* [CP] Embed Pods Frameworks */,
				47149C1BAC05672C89CBCF4A /* [CP] Copy Pods Resources */,
			);
			buildRules = (
			);
			dependencies = (
			);
			name = TLBuriedPoint;
			productName = TLBuriedPoint;
			productReference = 7EE546261FA1914600560CF3 /* TLBuriedPoint.app */;
			productType = "com.apple.product-type.application";
		};
		7EE5463D1FA1914700560CF3 /* TLBuriedPointTests */ = {
			isa = PBXNativeTarget;
			buildConfigurationList = 7EE546551FA1914700560CF3 /* Build configuration list for PBXNativeTarget "TLBuriedPointTests" */;
			buildPhases = (
				7EE5463A1FA1914700560CF3 /* Sources */,
				7EE5463B1FA1914700560CF3 /* Frameworks */,
				7EE5463C1FA1914700560CF3 /* Resources */,
			);
			buildRules = (
			);
			dependencies = (
				7EE546401FA1914700560CF3 /* PBXTargetDependency */,
			);
			name = TLBuriedPointTests;
			productName = TLBuriedPointTests;
			productReference = 7EE5463E1FA1914700560CF3 /* TLBuriedPointTests.xctest */;
			productType = "com.apple.product-type.bundle.unit-test";
		};
		7EE546481FA1914700560CF3 /* TLBuriedPointUITests */ = {
			isa = PBXNativeTarget;
			buildConfigurationList = 7EE546581FA1914700560CF3 /* Build configuration list for PBXNativeTarget "TLBuriedPointUITests" */;
			buildPhases = (
				7EE546451FA1914700560CF3 /* Sources */,
				7EE546461FA1914700560CF3 /* Frameworks */,
				7EE546471FA1914700560CF3 /* Resources */,
			);
			buildRules = (
			);
			dependencies = (
				7EE5464B1FA1914700560CF3 /* PBXTargetDependency */,
			);
			name = TLBuriedPointUITests;
			productName = TLBuriedPointUITests;
			productReference = 7EE546491FA1914700560CF3 /* TLBuriedPointUITests.xctest */;
			productType = "com.apple.product-type.bundle.ui-testing";
		};
/* End PBXNativeTarget section */

/* Begin PBXProject section */
		7EE5461E1FA1914600560CF3 /* Project object */ = {
			isa = PBXProject;
			attributes = {
				CLASSPREFIX = TL;
				LastUpgradeCheck = 0900;
				ORGANIZATIONNAME = lichuanjun;
				TargetAttributes = {
					7EE546251FA1914600560CF3 = {
						CreatedOnToolsVersion = 9.0;
						ProvisioningStyle = Automatic;
					};
					7EE5463D1FA1914700560CF3 = {
						CreatedOnToolsVersion = 9.0;
						ProvisioningStyle = Automatic;
						TestTargetID = 7EE546251FA1914600560CF3;
					};
					7EE546481FA1914700560CF3 = {
						CreatedOnToolsVersion = 9.0;
						ProvisioningStyle = Automatic;
						TestTargetID = 7EE546251FA1914600560CF3;
					};
				};
			};
			buildConfigurationList = 7EE546211FA1914600560CF3 /* Build configuration list for PBXProject "TLBuriedPoint" */;
			compatibilityVersion = "Xcode 8.0";
			developmentRegion = en;
			hasScannedForEncodings = 0;
			knownRegions = (
				en,
				Base,
			);
			mainGroup = 7EE5461D1FA1914600560CF3;
			productRefGroup = 7EE546271FA1914600560CF3 /* Products */;
			projectDirPath = "";
			projectRoot = "";
			targets = (
				7EE546251FA1914600560CF3 /* TLBuriedPoint */,
				7EE5463D1FA1914700560CF3 /* TLBuriedPointTests */,
				7EE546481FA1914700560CF3 /* TLBuriedPointUITests */,
			);
		};
/* End PBXProject section */

/* Begin PBXResourcesBuildPhase section */
		7EE546241FA1914600560CF3 /* Resources */ = {
			isa = PBXResourcesBuildPhase;
			buildActionMask = 2147483647;
			files = (
				7EE546361FA1914600560CF3 /* LaunchScreen.storyboard in Resources */,
				7EB15F661FA1A73300E5FFE2 /* TLTableViewController.xib in Resources */,
				7EE546331FA1914600560CF3 /* Assets.xcassets in Resources */,
				7EB15F641FA1A73300E5FFE2 /* TLCollectionViewController.xib in Resources */,
			);
			runOnlyForDeploymentPostprocessing = 0;
		};
		7EE5463C1FA1914700560CF3 /* Resources */ = {
			isa = PBXResourcesBuildPhase;
			buildActionMask = 2147483647;
			files = (
			);
			runOnlyForDeploymentPostprocessing = 0;
		};
		7EE546471FA1914700560CF3 /* Resources */ = {
			isa = PBXResourcesBuildPhase;
			buildActionMask = 2147483647;
			files = (
			);
			runOnlyForDeploymentPostprocessing = 0;
		};
/* End PBXResourcesBuildPhase section */

/* Begin PBXShellScriptBuildPhase section */
		47149C1BAC05672C89CBCF4A /* [CP] Copy Pods Resources */ = {
			isa = PBXShellScriptBuildPhase;
			buildActionMask = 2147483647;
			files = (
			);
			inputPaths = (
			);
			name = "[CP] Copy Pods Resources";
			outputPaths = (
			);
			runOnlyForDeploymentPostprocessing = 0;
			shellPath = /bin/sh;
			shellScript = "\"${SRCROOT}/Pods/Target Support Files/Pods-TLBuriedPoint/Pods-TLBuriedPoint-resources.sh\"\n";
			showEnvVarsInLog = 0;
		};
		77CA5D9C4650FF1C14083404 /* [CP] Embed Pods Frameworks */ = {
			isa = PBXShellScriptBuildPhase;
			buildActionMask = 2147483647;
			files = (
			);
			inputPaths = (
				"${SRCROOT}/Pods/Target Support Files/Pods-TLBuriedPoint/Pods-TLBuriedPoint-frameworks.sh",
				"${BUILT_PRODUCTS_DIR}/FBRetainCycleDetector/FBRetainCycleDetector.framework",
				"${BUILT_PRODUCTS_DIR}/MLeaksFinder/MLeaksFinder.framework",
				"${BUILT_PRODUCTS_DIR}/Mantle/Mantle.framework",
				"${BUILT_PRODUCTS_DIR}/Masonry/Masonry.framework",
			);
			name = "[CP] Embed Pods Frameworks";
			outputPaths = (
				"${TARGET_BUILD_DIR}/${FRAMEWORKS_FOLDER_PATH}/FBRetainCycleDetector.framework",
				"${TARGET_BUILD_DIR}/${FRAMEWORKS_FOLDER_PATH}/MLeaksFinder.framework",
				"${TARGET_BUILD_DIR}/${FRAMEWORKS_FOLDER_PATH}/Mantle.framework",
				"${TARGET_BUILD_DIR}/${FRAMEWORKS_FOLDER_PATH}/Masonry.framework",
			);
			runOnlyForDeploymentPostprocessing = 0;
			shellPath = /bin/sh;
			shellScript = "\"${SRCROOT}/Pods/Target Support Files/Pods-TLBuriedPoint/Pods-TLBuriedPoint-frameworks.sh\"\n";
			showEnvVarsInLog = 0;
		};
		FE52DCEC84289E8A3F2AD318 /* [CP] Check Pods Manifest.lock */ = {
			isa = PBXShellScriptBuildPhase;
			buildActionMask = 2147483647;
			files = (
			);
			inputPaths = (
				"${PODS_PODFILE_DIR_PATH}/Podfile.lock",
				"${PODS_ROOT}/Manifest.lock",
			);
			name = "[CP] Check Pods Manifest.lock";
			outputPaths = (
				"$(DERIVED_FILE_DIR)/Pods-TLBuriedPoint-checkManifestLockResult.txt",
			);
			runOnlyForDeploymentPostprocessing = 0;
			shellPath = /bin/sh;
			shellScript = "diff \"${PODS_PODFILE_DIR_PATH}/Podfile.lock\" \"${PODS_ROOT}/Manifest.lock\" > /dev/null\nif [ $? != 0 ] ; then\n    # print error to STDERR\n    echo \"error: The sandbox is not in sync with the Podfile.lock. Run 'pod install' or update your CocoaPods installation.\" >&2\n    exit 1\nfi\n# This output is used by Xcode 'outputs' to avoid re-running this script phase.\necho \"SUCCESS\" > \"${SCRIPT_OUTPUT_FILE_0}\"\n";
			showEnvVarsInLog = 0;
		};
/* End PBXShellScriptBuildPhase section */

/* Begin PBXSourcesBuildPhase section */
		7EE546221FA1914600560CF3 /* Sources */ = {
			isa = PBXSourcesBuildPhase;
			buildActionMask = 2147483647;
			files = (
				7EE5462E1FA1914600560CF3 /* TLRootViewController.m in Sources */,
				7EB15F761FA1AC0A00E5FFE2 /* TLHookManager.m in Sources */,
				7EB15F6A1FA1A81E00E5FFE2 /* TLSwizzle.m in Sources */,
				7E9384CF1FA1E6B900BE32B2 /* TLGestureRecognizerViewController.m in Sources */,
				7EB15F631FA1A73300E5FFE2 /* TLCollectionViewController.m in Sources */,
				7EB15F801FA1AEFE00E5FFE2 /* UIView+TLHook.m in Sources */,
				7EB15F831FA1B07C00E5FFE2 /* UICollectionView+TLHook.m in Sources */,
				7EB15F7D1FA1AE0300E5FFE2 /* UITableView+TLHook.m in Sources */,
				7EB15F6F1FA1AACF00E5FFE2 /* TLPageExchangeInfo.m in Sources */,
				7EB15F5B1FA1A3BD00E5FFE2 /* TLDetailViewController.m in Sources */,
				7EB15F891FA1B9AE00E5FFE2 /* UIGestureRecognizer+TLHook.m in Sources */,
				7EE546391FA1914600560CF3 /* main.m in Sources */,
				7EE5462B1FA1914600560CF3 /* TLAppDelegate.m in Sources */,
				7EB15F701FA1AACF00E5FFE2 /* TLObjectPath.m in Sources */,
				7EB15F651FA1A73300E5FFE2 /* TLTableViewController.m in Sources */,
			);
			runOnlyForDeploymentPostprocessing = 0;
		};
		7EE5463A1FA1914700560CF3 /* Sources */ = {
			isa = PBXSourcesBuildPhase;
			buildActionMask = 2147483647;
			files = (
				7EE546431FA1914700560CF3 /* TLBuriedPointTests.m in Sources */,
			);
			runOnlyForDeploymentPostprocessing = 0;
		};
		7EE546451FA1914700560CF3 /* Sources */ = {
			isa = PBXSourcesBuildPhase;
			buildActionMask = 2147483647;
			files = (
				7EE5464E1FA1914700560CF3 /* TLBuriedPointUITests.m in Sources */,
			);
			runOnlyForDeploymentPostprocessing = 0;
		};
/* End PBXSourcesBuildPhase section */

/* Begin PBXTargetDependency section */
		7EE546401FA1914700560CF3 /* PBXTargetDependency */ = {
			isa = PBXTargetDependency;
			target = 7EE546251FA1914600560CF3 /* TLBuriedPoint */;
			targetProxy = 7EE5463F1FA1914700560CF3 /* PBXContainerItemProxy */;
		};
		7EE5464B1FA1914700560CF3 /* PBXTargetDependency */ = {
			isa = PBXTargetDependency;
			target = 7EE546251FA1914600560CF3 /* TLBuriedPoint */;
			targetProxy = 7EE5464A1FA1914700560CF3 /* PBXContainerItemProxy */;
		};
/* End PBXTargetDependency section */

/* Begin PBXVariantGroup section */
		7EE546341FA1914600560CF3 /* LaunchScreen.storyboard */ = {
			isa = PBXVariantGroup;
			children = (
				7EE546351FA1914600560CF3 /* Base */,
			);
			name = LaunchScreen.storyboard;
			sourceTree = "<group>";
		};
/* End PBXVariantGroup section */

/* Begin XCBuildConfiguration section */
		7EE546501FA1914700560CF3 /* Debug */ = {
			isa = XCBuildConfiguration;
			buildSettings = {
				ALWAYS_SEARCH_USER_PATHS = NO;
				CLANG_ANALYZER_NONNULL = YES;
				CLANG_ANALYZER_NUMBER_OBJECT_CONVERSION = YES_AGGRESSIVE;
				CLANG_CXX_LANGUAGE_STANDARD = "gnu++14";
				CLANG_CXX_LIBRARY = "libc++";
				CLANG_ENABLE_MODULES = YES;
				CLANG_ENABLE_OBJC_ARC = YES;
				CLANG_WARN_BLOCK_CAPTURE_AUTORELEASING = YES;
				CLANG_WARN_BOOL_CONVERSION = YES;
				CLANG_WARN_COMMA = YES;
				CLANG_WARN_CONSTANT_CONVERSION = YES;
				CLANG_WARN_DIRECT_OBJC_ISA_USAGE = YES_ERROR;
				CLANG_WARN_DOCUMENTATION_COMMENTS = YES;
				CLANG_WARN_EMPTY_BODY = YES;
				CLANG_WARN_ENUM_CONVERSION = YES;
				CLANG_WARN_INFINITE_RECURSION = YES;
				CLANG_WARN_INT_CONVERSION = YES;
				CLANG_WARN_NON_LITERAL_NULL_CONVERSION = YES;
				CLANG_WARN_OBJC_LITERAL_CONVERSION = YES;
				CLANG_WARN_OBJC_ROOT_CLASS = YES_ERROR;
				CLANG_WARN_RANGE_LOOP_ANALYSIS = YES;
				CLANG_WARN_STRICT_PROTOTYPES = YES;
				CLANG_WARN_SUSPICIOUS_MOVE = YES;
				CLANG_WARN_UNGUARDED_AVAILABILITY = YES_AGGRESSIVE;
				CLANG_WARN_UNREACHABLE_CODE = YES;
				CLANG_WARN__DUPLICATE_METHOD_MATCH = YES;
				CODE_SIGN_IDENTITY = "iPhone Developer";
				COPY_PHASE_STRIP = NO;
				DEBUG_INFORMATION_FORMAT = dwarf;
				ENABLE_STRICT_OBJC_MSGSEND = YES;
				ENABLE_TESTABILITY = YES;
				GCC_C_LANGUAGE_STANDARD = gnu11;
				GCC_DYNAMIC_NO_PIC = NO;
				GCC_NO_COMMON_BLOCKS = YES;
				GCC_OPTIMIZATION_LEVEL = 0;
				GCC_PREPROCESSOR_DEFINITIONS = (
					"DEBUG=1",
					"$(inherited)",
				);
				GCC_WARN_64_TO_32_BIT_CONVERSION = YES;
				GCC_WARN_ABOUT_RETURN_TYPE = YES_ERROR;
				GCC_WARN_UNDECLARED_SELECTOR = YES;
				GCC_WARN_UNINITIALIZED_AUTOS = YES_AGGRESSIVE;
				GCC_WARN_UNUSED_FUNCTION = YES;
				GCC_WARN_UNUSED_VARIABLE = YES;
				IPHONEOS_DEPLOYMENT_TARGET = 8.0;
				MTL_ENABLE_DEBUG_INFO = YES;
				ONLY_ACTIVE_ARCH = YES;
				SDKROOT = iphoneos;
			};
			name = Debug;
		};
		7EE546511FA1914700560CF3 /* Release */ = {
			isa = XCBuildConfiguration;
			buildSettings = {
				ALWAYS_SEARCH_USER_PATHS = NO;
				CLANG_ANALYZER_NONNULL = YES;
				CLANG_ANALYZER_NUMBER_OBJECT_CONVERSION = YES_AGGRESSIVE;
				CLANG_CXX_LANGUAGE_STANDARD = "gnu++14";
				CLANG_CXX_LIBRARY = "libc++";
				CLANG_ENABLE_MODULES = YES;
				CLANG_ENABLE_OBJC_ARC = YES;
				CLANG_WARN_BLOCK_CAPTURE_AUTORELEASING = YES;
				CLANG_WARN_BOOL_CONVERSION = YES;
				CLANG_WARN_COMMA = YES;
				CLANG_WARN_CONSTANT_CONVERSION = YES;
				CLANG_WARN_DIRECT_OBJC_ISA_USAGE = YES_ERROR;
				CLANG_WARN_DOCUMENTATION_COMMENTS = YES;
				CLANG_WARN_EMPTY_BODY = YES;
				CLANG_WARN_ENUM_CONVERSION = YES;
				CLANG_WARN_INFINITE_RECURSION = YES;
				CLANG_WARN_INT_CONVERSION = YES;
				CLANG_WARN_NON_LITERAL_NULL_CONVERSION = YES;
				CLANG_WARN_OBJC_LITERAL_CONVERSION = YES;
				CLANG_WARN_OBJC_ROOT_CLASS = YES_ERROR;
				CLANG_WARN_RANGE_LOOP_ANALYSIS = YES;
				CLANG_WARN_STRICT_PROTOTYPES = YES;
				CLANG_WARN_SUSPICIOUS_MOVE = YES;
				CLANG_WARN_UNGUARDED_AVAILABILITY = YES_AGGRESSIVE;
				CLANG_WARN_UNREACHABLE_CODE = YES;
				CLANG_WARN__DUPLICATE_METHOD_MATCH = YES;
				CODE_SIGN_IDENTITY = "iPhone Developer";
				COPY_PHASE_STRIP = NO;
				DEBUG_INFORMATION_FORMAT = "dwarf-with-dsym";
				ENABLE_NS_ASSERTIONS = NO;
				ENABLE_STRICT_OBJC_MSGSEND = YES;
				GCC_C_LANGUAGE_STANDARD = gnu11;
				GCC_NO_COMMON_BLOCKS = YES;
				GCC_WARN_64_TO_32_BIT_CONVERSION = YES;
				GCC_WARN_ABOUT_RETURN_TYPE = YES_ERROR;
				GCC_WARN_UNDECLARED_SELECTOR = YES;
				GCC_WARN_UNINITIALIZED_AUTOS = YES_AGGRESSIVE;
				GCC_WARN_UNUSED_FUNCTION = YES;
				GCC_WARN_UNUSED_VARIABLE = YES;
				IPHONEOS_DEPLOYMENT_TARGET = 8.0;
				MTL_ENABLE_DEBUG_INFO = NO;
				SDKROOT = iphoneos;
				VALIDATE_PRODUCT = YES;
			};
			name = Release;
		};
		7EE546531FA1914700560CF3 /* Debug */ = {
			isa = XCBuildConfiguration;
			baseConfigurationReference = 5ABE533C4714DDB2265E01D8 /* Pods-TLBuriedPoint.debug.xcconfig */;
			buildSettings = {
				ASSETCATALOG_COMPILER_APPICON_NAME = AppIcon;
				CODE_SIGN_STYLE = Automatic;
				GCC_PRECOMPILE_PREFIX_HEADER = YES;
				GCC_PREFIX_HEADER = "$(SRCROOT)/TLBuriedPoint/TLBuriedPoint-Prefix.pch";
				INFOPLIST_FILE = TLBuriedPoint/Info.plist;
				IPHONEOS_DEPLOYMENT_TARGET = 8.0;
				LD_RUNPATH_SEARCH_PATHS = "$(inherited) @executable_path/Frameworks";
				PRODUCT_BUNDLE_IDENTIFIER = com.leecj.www.TLBuriedPoint;
				PRODUCT_NAME = "$(TARGET_NAME)";
				TARGETED_DEVICE_FAMILY = "1,2";
			};
			name = Debug;
		};
		7EE546541FA1914700560CF3 /* Release */ = {
			isa = XCBuildConfiguration;
			baseConfigurationReference = 693294B83F21FCAA199C6C47 /* Pods-TLBuriedPoint.release.xcconfig */;
			buildSettings = {
				ASSETCATALOG_COMPILER_APPICON_NAME = AppIcon;
				CODE_SIGN_STYLE = Automatic;
				GCC_PRECOMPILE_PREFIX_HEADER = YES;
				GCC_PREFIX_HEADER = "$(SRCROOT)/TLBuriedPoint/TLBuriedPoint-Prefix.pch";
				INFOPLIST_FILE = TLBuriedPoint/Info.plist;
				IPHONEOS_DEPLOYMENT_TARGET = 8.0;
				LD_RUNPATH_SEARCH_PATHS = "$(inherited) @executable_path/Frameworks";
				PRODUCT_BUNDLE_IDENTIFIER = com.leecj.www.TLBuriedPoint;
				PRODUCT_NAME = "$(TARGET_NAME)";
				TARGETED_DEVICE_FAMILY = "1,2";
			};
			name = Release;
		};
		7EE546561FA1914700560CF3 /* Debug */ = {
			isa = XCBuildConfiguration;
			buildSettings = {
				BUNDLE_LOADER = "$(TEST_HOST)";
				CODE_SIGN_STYLE = Automatic;
				INFOPLIST_FILE = TLBuriedPointTests/Info.plist;
				LD_RUNPATH_SEARCH_PATHS = "$(inherited) @executable_path/Frameworks @loader_path/Frameworks";
				PRODUCT_BUNDLE_IDENTIFIER = com.leecj.www.TLBuriedPointTests;
				PRODUCT_NAME = "$(TARGET_NAME)";
				TARGETED_DEVICE_FAMILY = "1,2";
				TEST_HOST = "$(BUILT_PRODUCTS_DIR)/TLBuriedPoint.app/TLBuriedPoint";
			};
			name = Debug;
		};
		7EE546571FA1914700560CF3 /* Release */ = {
			isa = XCBuildConfiguration;
			buildSettings = {
				BUNDLE_LOADER = "$(TEST_HOST)";
				CODE_SIGN_STYLE = Automatic;
				INFOPLIST_FILE = TLBuriedPointTests/Info.plist;
				LD_RUNPATH_SEARCH_PATHS = "$(inherited) @executable_path/Frameworks @loader_path/Frameworks";
				PRODUCT_BUNDLE_IDENTIFIER = com.leecj.www.TLBuriedPointTests;
				PRODUCT_NAME = "$(TARGET_NAME)";
				TARGETED_DEVICE_FAMILY = "1,2";
				TEST_HOST = "$(BUILT_PRODUCTS_DIR)/TLBuriedPoint.app/TLBuriedPoint";
			};
			name = Release;
		};
		7EE546591FA1914700560CF3 /* Debug */ = {
			isa = XCBuildConfiguration;
			buildSettings = {
				CODE_SIGN_STYLE = Automatic;
				INFOPLIST_FILE = TLBuriedPointUITests/Info.plist;
				LD_RUNPATH_SEARCH_PATHS = "$(inherited) @executable_path/Frameworks @loader_path/Frameworks";
				PRODUCT_BUNDLE_IDENTIFIER = com.leecj.www.TLBuriedPointUITests;
				PRODUCT_NAME = "$(TARGET_NAME)";
				TARGETED_DEVICE_FAMILY = "1,2";
				TEST_TARGET_NAME = TLBuriedPoint;
			};
			name = Debug;
		};
		7EE5465A1FA1914700560CF3 /* Release */ = {
			isa = XCBuildConfiguration;
			buildSettings = {
				CODE_SIGN_STYLE = Automatic;
				INFOPLIST_FILE = TLBuriedPointUITests/Info.plist;
				LD_RUNPATH_SEARCH_PATHS = "$(inherited) @executable_path/Frameworks @loader_path/Frameworks";
				PRODUCT_BUNDLE_IDENTIFIER = com.leecj.www.TLBuriedPointUITests;
				PRODUCT_NAME = "$(TARGET_NAME)";
				TARGETED_DEVICE_FAMILY = "1,2";
				TEST_TARGET_NAME = TLBuriedPoint;
			};
			name = Release;
		};
/* End XCBuildConfiguration section */

/* Begin XCConfigurationList section */
		7EE546211FA1914600560CF3 /* Build configuration list for PBXProject "TLBuriedPoint" */ = {
			isa = XCConfigurationList;
			buildConfigurations = (
				7EE546501FA1914700560CF3 /* Debug */,
				7EE546511FA1914700560CF3 /* Release */,
			);
			defaultConfigurationIsVisible = 0;
			defaultConfigurationName = Release;
		};
		7EE546521FA1914700560CF3 /* Build configuration list for PBXNativeTarget "TLBuriedPoint" */ = {
			isa = XCConfigurationList;
			buildConfigurations = (
				7EE546531FA1914700560CF3 /* Debug */,
				7EE546541FA1914700560CF3 /* Release */,
			);
			defaultConfigurationIsVisible = 0;
			defaultConfigurationName = Release;
		};
		7EE546551FA1914700560CF3 /* Build configuration list for PBXNativeTarget "TLBuriedPointTests" */ = {
			isa = XCConfigurationList;
			buildConfigurations = (
				7EE546561FA1914700560CF3 /* Debug */,
				7EE546571FA1914700560CF3 /* Release */,
			);
			defaultConfigurationIsVisible = 0;
			defaultConfigurationName = Release;
		};
		7EE546581FA1914700560CF3 /* Build configuration list for PBXNativeTarget "TLBuriedPointUITests" */ = {
			isa = XCConfigurationList;
			buildConfigurations = (
				7EE546591FA1914700560CF3 /* Debug */,
				7EE5465A1FA1914700560CF3 /* Release */,
			);
			defaultConfigurationIsVisible = 0;
			defaultConfigurationName = Release;
		};
/* End XCConfigurationList section */
	};
	rootObject = 7EE5461E1FA1914600560CF3 /* Project object */;
}
